Microsoft Visual Studio Solution File, Format Version 11.00
# Visual Studio 2008

Project("{A2A9F778-9773-3086-1ED7-C115301B834D}") = "deviceorientation", "Assembly-CSharp.csproj", "{AE047F13-D1B9-8C62-BAE6-EA13E4A65173}"
EndProject
Project("{A2A9F778-9773-3086-1ED7-C115301B834D}") = "deviceorientation", "Assembly-CSharp-Editor.csproj", "{D51F3A05-2EC1-A83F-6519-42063CC7A9E2}"
EndProject
Global
	GlobalSection(SolutionConfigurationPlatforms) = preSolution
		Debug|Any CPU = Debug|Any CPU
		Release|Any CPU = Release|Any CPU
	EndGlobalSection
	GlobalSection(ProjectConfigurationPlatforms) = postSolution
		{AE047F13-D1B9-8C62-BAE6-EA13E4A65173}.Debug|Any CPU.ActiveCfg = Debug|Any CPU
		{AE047F13-D1B9-8C62-BAE6-EA13E4A65173}.Debug|Any CPU.Build.0 = Debug|Any CPU
		{AE047F13-D1B9-8C62-BAE6-EA13E4A65173}.Release|Any CPU.ActiveCfg = Release|Any CPU
		{AE047F13-D1B9-8C62-BAE6-EA13E4A65173}.Release|Any CPU.Build.0 = Release|Any CPU
		{D51F3A05-2EC1-A83F-6519-42063CC7A9E2}.Debug|Any CPU.ActiveCfg = Debug|Any CPU
		{D51F3A05-2EC1-A83F-6519-42063CC7A9E2}.Debug|Any CPU.Build.0 = Debug|Any CPU
		{D51F3A05-2EC1-A83F-6519-42063CC7A9E2}.Release|Any CPU.ActiveCfg = Release|Any CPU
		{D51F3A05-2EC1-A83F-6519-42063CC7A9E2}.Release|Any CPU.Build.0 = Release|Any CPU
	EndGlobalSection
	GlobalSection(SolutionProperties) = preSolution
		HideSolutionNode = FALSE
	EndGlobalSection
	GlobalSection(MonoDevelopProperties) = preSolution
		StartupItem = Assembly-CSharp.csproj
	EndGlobalSection
EndGlobal
